
Microsoft Visual Studio Solution File, Format Version 12.00
# Visual Studio 15
VisualStudioVersion = 15.0.28010.2016
MinimumVisualStudioVersion = 10.0.40219.1
Project("{FAE04EC0-301F-11D3-BF4B-00C04F79EFBC}") = "Controls", "Controls\Controls.csproj", "{5F1741C6-23B0-482A-9B79-5777A405332C}"
EndProject
Global
	GlobalSection(SolutionConfigurationPlatforms) = preSolution
		Debug|Any CPU = Debug|Any CPU
		Release|Any CPU = Release|Any CPU
	EndGlobalSection
	GlobalSection(ProjectConfigurationPlatforms) = postSolution
		{5F1741C6-23B0-482A-9B79-5777A405332C}.Debug|Any CPU.ActiveCfg = Debug|Any CPU
		{5F1741C6-23B0-482A-9B79-5777A405332C}.Debug|Any CPU.Build.0 = Debug|Any CPU
		{5F1741C6-23B0-482A-9B79-5777A405332C}.Release|Any CPU.ActiveCfg = Release|Any CPU
		{5F1741C6-23B0-482A-9B79-5777A405332C}.Release|Any CPU.Build.0 = Release|Any CPU
	EndGlobalSection
	GlobalSection(SolutionProperties) = preSolution
		HideSolutionNode = FALSE
	EndGlobalSection
	GlobalSection(ExtensibilityGlobals) = postSolution
		SolutionGuid = {36EE4AED-DE88-435D-B74E-25593944D29B}
	EndGlobalSection
EndGlobal
